
Microsoft Visual Studio Solution File, Format Version 12.00
# Visual Studio Version 16
VisualStudioVersion = 16.0.32901.82
MinimumVisualStudioVersion = 10.0.40219.1
Project("{FAE04EC0-301F-11D3-BF4B-00C04F79EFBC}") = "Training_GenQ3", "Training_GenQ3\Training_GenQ3.csproj", "{D00AC697-3B2E-41DB-ABDB-D0F42CF2ECE0}"
EndProject
Global
	GlobalSection(SolutionConfigurationPlatforms) = preSolution
		Debug|Any CPU = Debug|Any CPU
		Release|Any CPU = Release|Any CPU
	EndGlobalSection
	GlobalSection(ProjectConfigurationPlatforms) = postSolution
		{D00AC697-3B2E-41DB-ABDB-D0F42CF2ECE0}.Debug|Any CPU.ActiveCfg = Debug|Any CPU
		{D00AC697-3B2E-41DB-ABDB-D0F42CF2ECE0}.Debug|Any CPU.Build.0 = Debug|Any CPU
		{D00AC697-3B2E-41DB-ABDB-D0F42CF2ECE0}.Release|Any CPU.ActiveCfg = Release|Any CPU
		{D00AC697-3B2E-41DB-ABDB-D0F42CF2ECE0}.Release|Any CPU.Build.0 = Release|Any CPU
	EndGlobalSection
	GlobalSection(SolutionProperties) = preSolution
		HideSolutionNode = FALSE
	EndGlobalSection
	GlobalSection(ExtensibilityGlobals) = postSolution
		SolutionGuid = {F1CEE4FB-C097-4D07-BFCC-43351E7EECF5}
	EndGlobalSection
EndGlobal
