
Microsoft Visual Studio Solution File, Format Version 12.00
# Visual Studio Version 16
VisualStudioVersion = 16.0.32901.82
MinimumVisualStudioVersion = 10.0.40219.1
Project("{FAE04EC0-301F-11D3-BF4B-00C04F79EFBC}") = "LamdaExp", "LamdaExp\LamdaExp.csproj", "{B9494C5E-68C2-472D-BFCC-2DAE874EC971}"
EndProject
Global
	GlobalSection(SolutionConfigurationPlatforms) = preSolution
		Debug|Any CPU = Debug|Any CPU
		Release|Any CPU = Release|Any CPU
	EndGlobalSection
	GlobalSection(ProjectConfigurationPlatforms) = postSolution
		{B9494C5E-68C2-472D-BFCC-2DAE874EC971}.Debug|Any CPU.ActiveCfg = Debug|Any CPU
		{B9494C5E-68C2-472D-BFCC-2DAE874EC971}.Debug|Any CPU.Build.0 = Debug|Any CPU
		{B9494C5E-68C2-472D-BFCC-2DAE874EC971}.Release|Any CPU.ActiveCfg = Release|Any CPU
		{B9494C5E-68C2-472D-BFCC-2DAE874EC971}.Release|Any CPU.Build.0 = Release|Any CPU
	EndGlobalSection
	GlobalSection(SolutionProperties) = preSolution
		HideSolutionNode = FALSE
	EndGlobalSection
	GlobalSection(ExtensibilityGlobals) = postSolution
		SolutionGuid = {B42C3AC3-CDFD-4850-91FC-7256386E97A7}
	EndGlobalSection
EndGlobal
