
Microsoft Visual Studio Solution File, Format Version 12.00
# Visual Studio Version 16
VisualStudioVersion = 16.0.32901.82
MinimumVisualStudioVersion = 10.0.40219.1
Project("{FAE04EC0-301F-11D3-BF4B-00C04F79EFBC}") = "Training_Q3", "Training_Q3\Training_Q3.csproj", "{7FC0A873-837A-4211-8F55-E6B2B543C9D6}"
EndProject
Global
	GlobalSection(SolutionConfigurationPlatforms) = preSolution
		Debug|Any CPU = Debug|Any CPU
		Release|Any CPU = Release|Any CPU
	EndGlobalSection
	GlobalSection(ProjectConfigurationPlatforms) = postSolution
		{7FC0A873-837A-4211-8F55-E6B2B543C9D6}.Debug|Any CPU.ActiveCfg = Debug|Any CPU
		{7FC0A873-837A-4211-8F55-E6B2B543C9D6}.Debug|Any CPU.Build.0 = Debug|Any CPU
		{7FC0A873-837A-4211-8F55-E6B2B543C9D6}.Release|Any CPU.ActiveCfg = Release|Any CPU
		{7FC0A873-837A-4211-8F55-E6B2B543C9D6}.Release|Any CPU.Build.0 = Release|Any CPU
	EndGlobalSection
	GlobalSection(SolutionProperties) = preSolution
		HideSolutionNode = FALSE
	EndGlobalSection
	GlobalSection(ExtensibilityGlobals) = postSolution
		SolutionGuid = {DB381FCC-9CD9-48B6-84EB-A60F3A35C772}
	EndGlobalSection
EndGlobal
