
Microsoft Visual Studio Solution File, Format Version 12.00
# Visual Studio Version 16
VisualStudioVersion = 16.0.32901.82
MinimumVisualStudioVersion = 10.0.40219.1
Project("{FAE04EC0-301F-11D3-BF4B-00C04F79EFBC}") = "Day 5", "Day 5\Day 5.csproj", "{B6F604BC-0F84-4C76-AF32-B4910C93488E}"
EndProject
Global
	GlobalSection(SolutionConfigurationPlatforms) = preSolution
		Debug|Any CPU = Debug|Any CPU
		Release|Any CPU = Release|Any CPU
	EndGlobalSection
	GlobalSection(ProjectConfigurationPlatforms) = postSolution
		{B6F604BC-0F84-4C76-AF32-B4910C93488E}.Debug|Any CPU.ActiveCfg = Debug|Any CPU
		{B6F604BC-0F84-4C76-AF32-B4910C93488E}.Debug|Any CPU.Build.0 = Debug|Any CPU
		{B6F604BC-0F84-4C76-AF32-B4910C93488E}.Release|Any CPU.ActiveCfg = Release|Any CPU
		{B6F604BC-0F84-4C76-AF32-B4910C93488E}.Release|Any CPU.Build.0 = Release|Any CPU
	EndGlobalSection
	GlobalSection(SolutionProperties) = preSolution
		HideSolutionNode = FALSE
	EndGlobalSection
	GlobalSection(ExtensibilityGlobals) = postSolution
		SolutionGuid = {8BA66DC0-D346-4C7B-98A0-CD562672D6D8}
	EndGlobalSection
EndGlobal
