
Microsoft Visual Studio Solution File, Format Version 12.00
# Visual Studio Version 16
VisualStudioVersion = 16.0.32901.82
MinimumVisualStudioVersion = 10.0.40219.1
Project("{FAE04EC0-301F-11D3-BF4B-00C04F79EFBC}") = "Training_Q1", "Training_Q1\Training_Q1.csproj", "{A49AEF4E-68E7-4237-A35A-BC92310D8789}"
EndProject
Global
	GlobalSection(SolutionConfigurationPlatforms) = preSolution
		Debug|Any CPU = Debug|Any CPU
		Release|Any CPU = Release|Any CPU
	EndGlobalSection
	GlobalSection(ProjectConfigurationPlatforms) = postSolution
		{A49AEF4E-68E7-4237-A35A-BC92310D8789}.Debug|Any CPU.ActiveCfg = Debug|Any CPU
		{A49AEF4E-68E7-4237-A35A-BC92310D8789}.Debug|Any CPU.Build.0 = Debug|Any CPU
		{A49AEF4E-68E7-4237-A35A-BC92310D8789}.Release|Any CPU.ActiveCfg = Release|Any CPU
		{A49AEF4E-68E7-4237-A35A-BC92310D8789}.Release|Any CPU.Build.0 = Release|Any CPU
	EndGlobalSection
	GlobalSection(SolutionProperties) = preSolution
		HideSolutionNode = FALSE
	EndGlobalSection
	GlobalSection(ExtensibilityGlobals) = postSolution
		SolutionGuid = {CDBEEB39-B492-4A18-AE09-91795F85BD64}
	EndGlobalSection
EndGlobal
