
Microsoft Visual Studio Solution File, Format Version 12.00
# Visual Studio Version 16
VisualStudioVersion = 16.0.32901.82
MinimumVisualStudioVersion = 10.0.40219.1
Project("{FAE04EC0-301F-11D3-BF4B-00C04F79EFBC}") = "Training_WQ4", "Training_WQ4\Training_WQ4.csproj", "{69578799-174C-4B69-964C-EED7EC3540BA}"
EndProject
Global
	GlobalSection(SolutionConfigurationPlatforms) = preSolution
		Debug|Any CPU = Debug|Any CPU
		Release|Any CPU = Release|Any CPU
	EndGlobalSection
	GlobalSection(ProjectConfigurationPlatforms) = postSolution
		{69578799-174C-4B69-964C-EED7EC3540BA}.Debug|Any CPU.ActiveCfg = Debug|Any CPU
		{69578799-174C-4B69-964C-EED7EC3540BA}.Debug|Any CPU.Build.0 = Debug|Any CPU
		{69578799-174C-4B69-964C-EED7EC3540BA}.Release|Any CPU.ActiveCfg = Release|Any CPU
		{69578799-174C-4B69-964C-EED7EC3540BA}.Release|Any CPU.Build.0 = Release|Any CPU
	EndGlobalSection
	GlobalSection(SolutionProperties) = preSolution
		HideSolutionNode = FALSE
	EndGlobalSection
	GlobalSection(ExtensibilityGlobals) = postSolution
		SolutionGuid = {4502116D-6441-4206-9E33-0771537FA3EC}
	EndGlobalSection
EndGlobal
