
Microsoft Visual Studio Solution File, Format Version 12.00
# Visual Studio Version 16
VisualStudioVersion = 16.0.32901.82
MinimumVisualStudioVersion = 10.0.40219.1
Project("{FAE04EC0-301F-11D3-BF4B-00C04F79EFBC}") = "Training_Q8", "Training_Q8\Training_Q8.csproj", "{A0EF8E17-98E6-4E14-8380-7FCF6A525503}"
EndProject
Global
	GlobalSection(SolutionConfigurationPlatforms) = preSolution
		Debug|Any CPU = Debug|Any CPU
		Release|Any CPU = Release|Any CPU
	EndGlobalSection
	GlobalSection(ProjectConfigurationPlatforms) = postSolution
		{A0EF8E17-98E6-4E14-8380-7FCF6A525503}.Debug|Any CPU.ActiveCfg = Debug|Any CPU
		{A0EF8E17-98E6-4E14-8380-7FCF6A525503}.Debug|Any CPU.Build.0 = Debug|Any CPU
		{A0EF8E17-98E6-4E14-8380-7FCF6A525503}.Release|Any CPU.ActiveCfg = Release|Any CPU
		{A0EF8E17-98E6-4E14-8380-7FCF6A525503}.Release|Any CPU.Build.0 = Release|Any CPU
	EndGlobalSection
	GlobalSection(SolutionProperties) = preSolution
		HideSolutionNode = FALSE
	EndGlobalSection
	GlobalSection(ExtensibilityGlobals) = postSolution
		SolutionGuid = {398E78FE-480C-4118-8F6D-F1B811264AF9}
	EndGlobalSection
EndGlobal
