
Microsoft Visual Studio Solution File, Format Version 12.00
# Visual Studio Version 16
VisualStudioVersion = 16.0.32901.82
MinimumVisualStudioVersion = 10.0.40219.1
Project("{FAE04EC0-301F-11D3-BF4B-00C04F79EFBC}") = "Training_WQ5", "Training_WQ5\Training_WQ5.csproj", "{E7EFC3E4-AE97-4022-88E5-4825FC3F25BE}"
EndProject
Global
	GlobalSection(SolutionConfigurationPlatforms) = preSolution
		Debug|Any CPU = Debug|Any CPU
		Release|Any CPU = Release|Any CPU
	EndGlobalSection
	GlobalSection(ProjectConfigurationPlatforms) = postSolution
		{E7EFC3E4-AE97-4022-88E5-4825FC3F25BE}.Debug|Any CPU.ActiveCfg = Debug|Any CPU
		{E7EFC3E4-AE97-4022-88E5-4825FC3F25BE}.Debug|Any CPU.Build.0 = Debug|Any CPU
		{E7EFC3E4-AE97-4022-88E5-4825FC3F25BE}.Release|Any CPU.ActiveCfg = Release|Any CPU
		{E7EFC3E4-AE97-4022-88E5-4825FC3F25BE}.Release|Any CPU.Build.0 = Release|Any CPU
	EndGlobalSection
	GlobalSection(SolutionProperties) = preSolution
		HideSolutionNode = FALSE
	EndGlobalSection
	GlobalSection(ExtensibilityGlobals) = postSolution
		SolutionGuid = {3042F13F-60F4-4037-869D-DD97DB1A5465}
	EndGlobalSection
EndGlobal
